// !$*UTF8*$!
{
	archiveVersion = 1;
	classes = {
	};
	objectVersion = 48;
	objects = {

/* Begin PBXBuildFile section */
		FC88F3931FECFB9B00D09F8E /* AppDelegate.m in Sources */ = {isa = PBXBuildFile; fileRef = FC88F3921FECFB9B00D09F8E /* AppDelegate.m */; };
		FC88F3961FECFB9B00D09F8E /* ViewController.m in Sources */ = {isa = PBXBuildFile; fileRef = FC88F3951FECFB9B00D09F8E /* ViewController.m */; };
		FC88F3991FECFB9B00D09F8E /* Main.storyboard in Resources */ = {isa = PBXBuildFile; fileRef = FC88F3971FECFB9B00D09F8E /* Main.storyboard */; };
		FC88F39B1FECFB9B00D09F8E /* Assets.xcassets in Resources */ = {isa = PBXBuildFile; fileRef = FC88F39A1FECFB9B00D09F8E /* Assets.xcassets */; };
		FC88F39E1FECFB9B00D09F8E /* LaunchScreen.storyboard in Resources */ = {isa = PBXBuildFile; fileRef = FC88F39C1FECFB9B00D09F8E /* LaunchScreen.storyboard */; };
		FC88F3A11FECFB9B00D09F8E /* main.m in Sources */ = {isa = PBXBuildFile; fileRef = FC88F3A01FECFB9B00D09F8E /* main.m */; };
		FC88F3AB1FECFB9B00D09F8E /* MMKitDemoTests.m in Sources */ = {isa = PBXBuildFile; fileRef = FC88F3AA1FECFB9B00D09F8E /* MMKitDemoTests.m */; };
		FC88F3B61FECFB9C00D09F8E /* MMKitDemoUITests.m in Sources */ = {isa = PBXBuildFile; fileRef = FC88F3B51FECFB9C00D09F8E /* MMKitDemoUITests.m */; };
		FC88F3D81FED0DBE00D09F8E /* MMDeviceInformation.m in Sources */ = {isa = PBXBuildFile; fileRef = FC88F3CA1FED0DBE00D09F8E /* MMDeviceInformation.m */; };
		FC88F3D91FED0DBE00D09F8E /* MMPath.m in Sources */ = {isa = PBXBuildFile; fileRef = FC88F3CF1FED0DBE00D09F8E /* MMPath.m */; };
		FC88F3DA1FED0DBE00D09F8E /* MMFileReader.m in Sources */ = {isa = PBXBuildFile; fileRef = FC88F3D21FED0DBE00D09F8E /* MMFileReader.m */; };
		FC88F3DB1FED0DBE00D09F8E /* MMFileArchieve.m in Sources */ = {isa = PBXBuildFile; fileRef = FC88F3D41FED0DBE00D09F8E /* MMFileArchieve.m */; };
		FC88F3DC1FED0DBE00D09F8E /* MMFileManager.m in Sources */ = {isa = PBXBuildFile; fileRef = FC88F3D51FED0DBE00D09F8E /* MMFileManager.m */; };
		FCB411051FF2361C00EC5D40 /* DeviceInformationTests.m in Sources */ = {isa = PBXBuildFile; fileRef = FCB411041FF2361C00EC5D40 /* DeviceInformationTests.m */; };
		FCB4110E1FF2499900EC5D40 /* NSString+MMString.m in Sources */ = {isa = PBXBuildFile; fileRef = FCB4110D1FF2499900EC5D40 /* NSString+MMString.m */; };
		FCB411131FF24E6D00EC5D40 /* NSkitTests.m in Sources */ = {isa = PBXBuildFile; fileRef = FCB411121FF24E6D00EC5D40 /* NSkitTests.m */; };
/* End PBXBuildFile section */

/* Begin PBXContainerItemProxy section */
		FC88F3A71FECFB9B00D09F8E /* PBXContainerItemProxy */ = {
			isa = PBXContainerItemProxy;
			containerPortal = FC88F3861FECFB9B00D09F8E /* Project object */;
			proxyType = 1;
			remoteGlobalIDString = FC88F38D1FECFB9B00D09F8E;
			remoteInfo = MMKitDemo;
		};
		FC88F3B21FECFB9C00D09F8E /* PBXContainerItemProxy */ = {
			isa = PBXContainerItemProxy;
			containerPortal = FC88F3861FECFB9B00D09F8E /* Project object */;
			proxyType = 1;
			remoteGlobalIDString = FC88F38D1FECFB9B00D09F8E;
			remoteInfo = MMKitDemo;
		};
/* End PBXContainerItemProxy section */

/* Begin PBXFileReference section */
		FC88F38E1FECFB9B00D09F8E /* MMKitDemo.app */ = {isa = PBXFileReference; explicitFileType = wrapper.application; includeInIndex = 0; path = MMKitDemo.app; sourceTree = BUILT_PRODUCTS_DIR; };
		FC88F3911FECFB9B00D09F8E /* AppDelegate.h */ = {isa = PBXFileReference; lastKnownFileType = sourcecode.c.h; path = AppDelegate.h; sourceTree = "<group>"; };
		FC88F3921FECFB9B00D09F8E /* AppDelegate.m */ = {isa = PBXFileReference; lastKnownFileType = sourcecode.c.objc; path = AppDelegate.m; sourceTree = "<group>"; };
		FC88F3941FECFB9B00D09F8E /* ViewController.h */ = {isa = PBXFileReference; lastKnownFileType = sourcecode.c.h; path = ViewController.h; sourceTree = "<group>"; };
		FC88F3951FECFB9B00D09F8E /* ViewController.m */ = {isa = PBXFileReference; lastKnownFileType = sourcecode.c.objc; path = ViewController.m; sourceTree = "<group>"; };
		FC88F3981FECFB9B00D09F8E /* Base */ = {isa = PBXFileReference; lastKnownFileType = file.storyboard; name = Base; path = Base.lproj/Main.storyboard; sourceTree = "<group>"; };
		FC88F39A1FECFB9B00D09F8E /* Assets.xcassets */ = {isa = PBXFileReference; lastKnownFileType = folder.assetcatalog; path = Assets.xcassets; sourceTree = "<group>"; };
		FC88F39D1FECFB9B00D09F8E /* Base */ = {isa = PBXFileReference; lastKnownFileType = file.storyboard; name = Base; path = Base.lproj/LaunchScreen.storyboard; sourceTree = "<group>"; };
		FC88F39F1FECFB9B00D09F8E /* Info.plist */ = {isa = PBXFileReference; lastKnownFileType = text.plist.xml; path = Info.plist; sourceTree = "<group>"; };
		FC88F3A01FECFB9B00D09F8E /* main.m */ = {isa = PBXFileReference; lastKnownFileType = sourcecode.c.objc; path = main.m; sourceTree = "<group>"; };
		FC88F3A61FECFB9B00D09F8E /* MMKitDemoTests.xctest */ = {isa = PBXFileReference; explicitFileType = wrapper.cfbundle; includeInIndex = 0; path = MMKitDemoTests.xctest; sourceTree = BUILT_PRODUCTS_DIR; };
		FC88F3AA1FECFB9B00D09F8E /* MMKitDemoTests.m */ = {isa = PBXFileReference; lastKnownFileType = sourcecode.c.objc; path = MMKitDemoTests.m; sourceTree = "<group>"; };
		FC88F3AC1FECFB9B00D09F8E /* Info.plist */ = {isa = PBXFileReference; lastKnownFileType = text.plist.xml; path = Info.plist; sourceTree = "<group>"; };
		FC88F3B11FECFB9C00D09F8E /* MMKitDemoUITests.xctest */ = {isa = PBXFileReference; explicitFileType = wrapper.cfbundle; includeInIndex = 0; path = MMKitDemoUITests.xctest; sourceTree = BUILT_PRODUCTS_DIR; };
		FC88F3B51FECFB9C00D09F8E /* MMKitDemoUITests.m */ = {isa = PBXFileReference; lastKnownFileType = sourcecode.c.objc; path = MMKitDemoUITests.m; sourceTree = "<group>"; };
		FC88F3B71FECFB9C00D09F8E /* Info.plist */ = {isa = PBXFileReference; lastKnownFileType = text.plist.xml; path = Info.plist; sourceTree = "<group>"; };
		FC88F3C91FED0DBE00D09F8E /* MMDeviceInformation.h */ = {isa = PBXFileReference; fileEncoding = 4; lastKnownFileType = sourcecode.c.h; path = MMDeviceInformation.h; sourceTree = "<group>"; };
		FC88F3CA1FED0DBE00D09F8E /* MMDeviceInformation.m */ = {isa = PBXFileReference; fileEncoding = 4; lastKnownFileType = sourcecode.c.objc; path = MMDeviceInformation.m; sourceTree = "<group>"; };
		FC88F3CC1FED0DBE00D09F8E /* MMLife.h */ = {isa = PBXFileReference; fileEncoding = 4; lastKnownFileType = sourcecode.c.h; path = MMLife.h; sourceTree = "<group>"; };
		FC88F3CE1FED0DBE00D09F8E /* MMFileReader.h */ = {isa = PBXFileReference; fileEncoding = 4; lastKnownFileType = sourcecode.c.h; path = MMFileReader.h; sourceTree = "<group>"; };
		FC88F3CF1FED0DBE00D09F8E /* MMPath.m */ = {isa = PBXFileReference; fileEncoding = 4; lastKnownFileType = sourcecode.c.objc; path = MMPath.m; sourceTree = "<group>"; };
		FC88F3D01FED0DBE00D09F8E /* MMFileArchieve.h */ = {isa = PBXFileReference; fileEncoding = 4; lastKnownFileType = sourcecode.c.h; path = MMFileArchieve.h; sourceTree = "<group>"; };
		FC88F3D11FED0DBE00D09F8E /* MMFileManager.h */ = {isa = PBXFileReference; fileEncoding = 4; lastKnownFileType = sourcecode.c.h; path = MMFileManager.h; sourceTree = "<group>"; };
		FC88F3D21FED0DBE00D09F8E /* MMFileReader.m */ = {isa = PBXFileReference; fileEncoding = 4; lastKnownFileType = sourcecode.c.objc; path = MMFileReader.m; sourceTree = "<group>"; };
		FC88F3D31FED0DBE00D09F8E /* MMPath.h */ = {isa = PBXFileReference; fileEncoding = 4; lastKnownFileType = sourcecode.c.h; path = MMPath.h; sourceTree = "<group>"; };
		FC88F3D41FED0DBE00D09F8E /* MMFileArchieve.m */ = {isa = PBXFileReference; fileEncoding = 4; lastKnownFileType = sourcecode.c.objc; path = MMFileArchieve.m; sourceTree = "<group>"; };
		FC88F3D51FED0DBE00D09F8E /* MMFileManager.m */ = {isa = PBXFileReference; fileEncoding = 4; lastKnownFileType = sourcecode.c.objc; path = MMFileManager.m; sourceTree = "<group>"; };
		FC88F3D71FED0DBE00D09F8E /* MMDebug.h */ = {isa = PBXFileReference; fileEncoding = 4; lastKnownFileType = sourcecode.c.h; path = MMDebug.h; sourceTree = "<group>"; };
		FC88F3DD1FED0DE700D09F8E /* MMKit.h */ = {isa = PBXFileReference; lastKnownFileType = sourcecode.c.h; path = MMKit.h; sourceTree = "<group>"; };
		FCB411041FF2361C00EC5D40 /* DeviceInformationTests.m */ = {isa = PBXFileReference; lastKnownFileType = sourcecode.c.objc; path = DeviceInformationTests.m; sourceTree = "<group>"; };
		FCB4110C1FF2499900EC5D40 /* NSString+MMString.h */ = {isa = PBXFileReference; lastKnownFileType = sourcecode.c.h; path = "NSString+MMString.h"; sourceTree = "<group>"; };
		FCB4110D1FF2499900EC5D40 /* NSString+MMString.m */ = {isa = PBXFileReference; lastKnownFileType = sourcecode.c.objc; path = "NSString+MMString.m"; sourceTree = "<group>"; };
		FCB411121FF24E6D00EC5D40 /* NSkitTests.m */ = {isa = PBXFileReference; lastKnownFileType = sourcecode.c.objc; path = NSkitTests.m; sourceTree = "<group>"; };
/* End PBXFileReference section */

/* Begin PBXFrameworksBuildPhase section */
		FC88F38B1FECFB9B00D09F8E /* Frameworks */ = {
			isa = PBXFrameworksBuildPhase;
			buildActionMask = 2147483647;
			files = (
			);
			runOnlyForDeploymentPostprocessing = 0;
		};
		FC88F3A31FECFB9B00D09F8E /* Frameworks */ = {
			isa = PBXFrameworksBuildPhase;
			buildActionMask = 2147483647;
			files = (
			);
			runOnlyForDeploymentPostprocessing = 0;
		};
		FC88F3AE1FECFB9B00D09F8E /* Frameworks */ = {
			isa = PBXFrameworksBuildPhase;
			buildActionMask = 2147483647;
			files = (
			);
			runOnlyForDeploymentPostprocessing = 0;
		};
/* End PBXFrameworksBuildPhase section */

/* Begin PBXGroup section */
		FC88F3851FECFB9B00D09F8E = {
			isa = PBXGroup;
			children = (
				FC88F3901FECFB9B00D09F8E /* MMKitDemo */,
				FC88F3A91FECFB9B00D09F8E /* MMKitDemoTests */,
				FC88F3B41FECFB9C00D09F8E /* MMKitDemoUITests */,
				FC88F38F1FECFB9B00D09F8E /* Products */,
			);
			sourceTree = "<group>";
		};
		FC88F38F1FECFB9B00D09F8E /* Products */ = {
			isa = PBXGroup;
			children = (
				FC88F38E1FECFB9B00D09F8E /* MMKitDemo.app */,
				FC88F3A61FECFB9B00D09F8E /* MMKitDemoTests.xctest */,
				FC88F3B11FECFB9C00D09F8E /* MMKitDemoUITests.xctest */,
			);
			name = Products;
			sourceTree = "<group>";
		};
		FC88F3901FECFB9B00D09F8E /* MMKitDemo */ = {
			isa = PBXGroup;
			children = (
				FC88F3C71FED0DBE00D09F8E /* MMKit */,
				FC88F3911FECFB9B00D09F8E /* AppDelegate.h */,
				FC88F3921FECFB9B00D09F8E /* AppDelegate.m */,
				FC88F3941FECFB9B00D09F8E /* ViewController.h */,
				FC88F3951FECFB9B00D09F8E /* ViewController.m */,
				FC88F3971FECFB9B00D09F8E /* Main.storyboard */,
				FC88F39A1FECFB9B00D09F8E /* Assets.xcassets */,
				FC88F39C1FECFB9B00D09F8E /* LaunchScreen.storyboard */,
				FC88F39F1FECFB9B00D09F8E /* Info.plist */,
				FC88F3A01FECFB9B00D09F8E /* main.m */,
			);
			path = MMKitDemo;
			sourceTree = "<group>";
		};
		FC88F3A91FECFB9B00D09F8E /* MMKitDemoTests */ = {
			isa = PBXGroup;
			children = (
				FC88F3AA1FECFB9B00D09F8E /* MMKitDemoTests.m */,
				FC88F3AC1FECFB9B00D09F8E /* Info.plist */,
				FCB411041FF2361C00EC5D40 /* DeviceInformationTests.m */,
				FCB411121FF24E6D00EC5D40 /* NSkitTests.m */,
			);
			path = MMKitDemoTests;
			sourceTree = "<group>";
		};
		FC88F3B41FECFB9C00D09F8E /* MMKitDemoUITests */ = {
			isa = PBXGroup;
			children = (
				FC88F3B51FECFB9C00D09F8E /* MMKitDemoUITests.m */,
				FC88F3B71FECFB9C00D09F8E /* Info.plist */,
			);
			path = MMKitDemoUITests;
			sourceTree = "<group>";
		};
		FC88F3C71FED0DBE00D09F8E /* MMKit */ = {
			isa = PBXGroup;
			children = (
				FCB4110B1FF2497A00EC5D40 /* NSKit */,
				FC88F3C81FED0DBE00D09F8E /* DeviceKit */,
				FC88F3CB1FED0DBE00D09F8E /* LifeKit */,
				FC88F3CD1FED0DBE00D09F8E /* FileKit */,
				FC88F3D61FED0DBE00D09F8E /* DebugKit */,
				FC88F3DD1FED0DE700D09F8E /* MMKit.h */,
			);
			path = MMKit;
			sourceTree = SOURCE_ROOT;
		};
		FC88F3C81FED0DBE00D09F8E /* DeviceKit */ = {
			isa = PBXGroup;
			children = (
				FC88F3C91FED0DBE00D09F8E /* MMDeviceInformation.h */,
				FC88F3CA1FED0DBE00D09F8E /* MMDeviceInformation.m */,
			);
			path = DeviceKit;
			sourceTree = "<group>";
		};
		FC88F3CB1FED0DBE00D09F8E /* LifeKit */ = {
			isa = PBXGroup;
			children = (
				FC88F3CC1FED0DBE00D09F8E /* MMLife.h */,
			);
			path = LifeKit;
			sourceTree = "<group>";
		};
		FC88F3CD1FED0DBE00D09F8E /* FileKit */ = {
			isa = PBXGroup;
			children = (
				FC88F3CE1FED0DBE00D09F8E /* MMFileReader.h */,
				FC88F3CF1FED0DBE00D09F8E /* MMPath.m */,
				FC88F3D01FED0DBE00D09F8E /* MMFileArchieve.h */,
				FC88F3D11FED0DBE00D09F8E /* MMFileManager.h */,
				FC88F3D21FED0DBE00D09F8E /* MMFileReader.m */,
				FC88F3D31FED0DBE00D09F8E /* MMPath.h */,
				FC88F3D41FED0DBE00D09F8E /* MMFileArchieve.m */,
				FC88F3D51FED0DBE00D09F8E /* MMFileManager.m */,
			);
			path = FileKit;
			sourceTree = "<group>";
		};
		FC88F3D61FED0DBE00D09F8E /* DebugKit */ = {
			isa = PBXGroup;
			children = (
				FC88F3D71FED0DBE00D09F8E /* MMDebug.h */,
			);
			path = DebugKit;
			sourceTree = "<group>";
		};
		FCB4110B1FF2497A00EC5D40 /* NSKit */ = {
			isa = PBXGroup;
			children = (
				FCB4110C1FF2499900EC5D40 /* NSString+MMString.h */,
				FCB4110D1FF2499900EC5D40 /* NSString+MMString.m */,
			);
			path = NSKit;
			sourceTree = "<group>";
		};
/* End PBXGroup section */

/* Begin PBXNativeTarget section */
		FC88F38D1FECFB9B00D09F8E /* MMKitDemo */ = {
			isa = PBXNativeTarget;
			buildConfigurationList = FC88F3BA1FECFB9C00D09F8E /* Build configuration list for PBXNativeTarget "MMKitDemo" */;
			buildPhases = (
				FC88F38A1FECFB9B00D09F8E /* Sources */,
				FC88F38B1FECFB9B00D09F8E /* Frameworks */,
				FC88F38C1FECFB9B00D09F8E /* Resources */,
			);
			buildRules = (
			);
			dependencies = (
			);
			name = MMKitDemo;
			productName = MMKitDemo;
			productReference = FC88F38E1FECFB9B00D09F8E /* MMKitDemo.app */;
			productType = "com.apple.product-type.application";
		};
		FC88F3A51FECFB9B00D09F8E /* MMKitDemoTests */ = {
			isa = PBXNativeTarget;
			buildConfigurationList = FC88F3BD1FECFB9C00D09F8E /* Build configuration list for PBXNativeTarget "MMKitDemoTests" */;
			buildPhases = (
				FC88F3A21FECFB9B00D09F8E /* Sources */,
				FC88F3A31FECFB9B00D09F8E /* Frameworks */,
				FC88F3A41FECFB9B00D09F8E /* Resources */,
			);
			buildRules = (
			);
			dependencies = (
				FC88F3A81FECFB9B00D09F8E /* PBXTargetDependency */,
			);
			name = MMKitDemoTests;
			productName = MMKitDemoTests;
			productReference = FC88F3A61FECFB9B00D09F8E /* MMKitDemoTests.xctest */;
			productType = "com.apple.product-type.bundle.unit-test";
		};
		FC88F3B01FECFB9B00D09F8E /* MMKitDemoUITests */ = {
			isa = PBXNativeTarget;
			buildConfigurationList = FC88F3C01FECFB9C00D09F8E /* Build configuration list for PBXNativeTarget "MMKitDemoUITests" */;
			buildPhases = (
				FC88F3AD1FECFB9B00D09F8E /* Sources */,
				FC88F3AE1FECFB9B00D09F8E /* Frameworks */,
				FC88F3AF1FECFB9B00D09F8E /* Resources */,
			);
			buildRules = (
			);
			dependencies = (
				FC88F3B31FECFB9C00D09F8E /* PBXTargetDependency */,
			);
			name = MMKitDemoUITests;
			productName = MMKitDemoUITests;
			productReference = FC88F3B11FECFB9C00D09F8E /* MMKitDemoUITests.xctest */;
			productType = "com.apple.product-type.bundle.ui-testing";
		};
/* End PBXNativeTarget section */

/* Begin PBXProject section */
		FC88F3861FECFB9B00D09F8E /* Project object */ = {
			isa = PBXProject;
			attributes = {
				LastUpgradeCheck = 0920;
				ORGANIZATIONNAME = "张一鸣";
				TargetAttributes = {
					FC88F38D1FECFB9B00D09F8E = {
						CreatedOnToolsVersion = 9.2;
						ProvisioningStyle = Automatic;
					};
					FC88F3A51FECFB9B00D09F8E = {
						CreatedOnToolsVersion = 9.2;
						ProvisioningStyle = Automatic;
						TestTargetID = FC88F38D1FECFB9B00D09F8E;
					};
					FC88F3B01FECFB9B00D09F8E = {
						CreatedOnToolsVersion = 9.2;
						ProvisioningStyle = Automatic;
						TestTargetID = FC88F38D1FECFB9B00D09F8E;
					};
				};
			};
			buildConfigurationList = FC88F3891FECFB9B00D09F8E /* Build configuration list for PBXProject "MMKitDemo" */;
			compatibilityVersion = "Xcode 8.0";
			developmentRegion = en;
			hasScannedForEncodings = 0;
			knownRegions = (
				en,
				Base,
			);
			mainGroup = FC88F3851FECFB9B00D09F8E;
			productRefGroup = FC88F38F1FECFB9B00D09F8E /* Products */;
			projectDirPath = "";
			projectRoot = "";
			targets = (
				FC88F38D1FECFB9B00D09F8E /* MMKitDemo */,
				FC88F3A51FECFB9B00D09F8E /* MMKitDemoTests */,
				FC88F3B01FECFB9B00D09F8E /* MMKitDemoUITests */,
			);
		};
/* End PBXProject section */

/* Begin PBXResourcesBuildPhase section */
		FC88F38C1FECFB9B00D09F8E /* Resources */ = {
			isa = PBXResourcesBuildPhase;
			buildActionMask = 2147483647;
			files = (
				FC88F39E1FECFB9B00D09F8E /* LaunchScreen.storyboard in Resources */,
				FC88F39B1FECFB9B00D09F8E /* Assets.xcassets in Resources */,
				FC88F3991FECFB9B00D09F8E /* Main.storyboard in Resources */,
			);
			runOnlyForDeploymentPostprocessing = 0;
		};
		FC88F3A41FECFB9B00D09F8E /* Resources */ = {
			isa = PBXResourcesBuildPhase;
			buildActionMask = 2147483647;
			files = (
			);
			runOnlyForDeploymentPostprocessing = 0;
		};
		FC88F3AF1FECFB9B00D09F8E /* Resources */ = {
			isa = PBXResourcesBuildPhase;
			buildActionMask = 2147483647;
			files = (
			);
			runOnlyForDeploymentPostprocessing = 0;
		};
/* End PBXResourcesBuildPhase section */

/* Begin PBXSourcesBuildPhase section */
		FC88F38A1FECFB9B00D09F8E /* Sources */ = {
			isa = PBXSourcesBuildPhase;
			buildActionMask = 2147483647;
			files = (
				FC88F3DA1FED0DBE00D09F8E /* MMFileReader.m in Sources */,
				FCB4110E1FF2499900EC5D40 /* NSString+MMString.m in Sources */,
				FC88F3D81FED0DBE00D09F8E /* MMDeviceInformation.m in Sources */,
				FC88F3961FECFB9B00D09F8E /* ViewController.m in Sources */,
				FC88F3A11FECFB9B00D09F8E /* main.m in Sources */,
				FC88F3931FECFB9B00D09F8E /* AppDelegate.m in Sources */,
				FC88F3D91FED0DBE00D09F8E /* MMPath.m in Sources */,
				FC88F3DB1FED0DBE00D09F8E /* MMFileArchieve.m in Sources */,
				FC88F3DC1FED0DBE00D09F8E /* MMFileManager.m in Sources */,
			);
			runOnlyForDeploymentPostprocessing = 0;
		};
		FC88F3A21FECFB9B00D09F8E /* Sources */ = {
			isa = PBXSourcesBuildPhase;
			buildActionMask = 2147483647;
			files = (
				FCB411131FF24E6D00EC5D40 /* NSkitTests.m in Sources */,
				FCB411051FF2361C00EC5D40 /* DeviceInformationTests.m in Sources */,
				FC88F3AB1FECFB9B00D09F8E /* MMKitDemoTests.m in Sources */,
			);
			runOnlyForDeploymentPostprocessing = 0;
		};
		FC88F3AD1FECFB9B00D09F8E /* Sources */ = {
			isa = PBXSourcesBuildPhase;
			buildActionMask = 2147483647;
			files = (
				FC88F3B61FECFB9C00D09F8E /* MMKitDemoUITests.m in Sources */,
			);
			runOnlyForDeploymentPostprocessing = 0;
		};
/* End PBXSourcesBuildPhase section */

/* Begin PBXTargetDependency section */
		FC88F3A81FECFB9B00D09F8E /* PBXTargetDependency */ = {
			isa = PBXTargetDependency;
			target = FC88F38D1FECFB9B00D09F8E /* MMKitDemo */;
			targetProxy = FC88F3A71FECFB9B00D09F8E /* PBXContainerItemProxy */;
		};
		FC88F3B31FECFB9C00D09F8E /* PBXTargetDependency */ = {
			isa = PBXTargetDependency;
			target = FC88F38D1FECFB9B00D09F8E /* MMKitDemo */;
			targetProxy = FC88F3B21FECFB9C00D09F8E /* PBXContainerItemProxy */;
		};
/* End PBXTargetDependency section */

/* Begin PBXVariantGroup section */
		FC88F3971FECFB9B00D09F8E /* Main.storyboard */ = {
			isa = PBXVariantGroup;
			children = (
				FC88F3981FECFB9B00D09F8E /* Base */,
			);
			name = Main.storyboard;
			sourceTree = "<group>";
		};
		FC88F39C1FECFB9B00D09F8E /* LaunchScreen.storyboard */ = {
			isa = PBXVariantGroup;
			children = (
				FC88F39D1FECFB9B00D09F8E /* Base */,
			);
			name = LaunchScreen.storyboard;
			sourceTree = "<group>";
		};
/* End PBXVariantGroup section */

/* Begin XCBuildConfiguration section */
		FC88F3B81FECFB9C00D09F8E /* Debug */ = {
			isa = XCBuildConfiguration;
			buildSettings = {
				ALWAYS_SEARCH_USER_PATHS = NO;
				CLANG_ANALYZER_NONNULL = YES;
				CLANG_ANALYZER_NUMBER_OBJECT_CONVERSION = YES_AGGRESSIVE;
				CLANG_CXX_LANGUAGE_STANDARD = "gnu++14";
				CLANG_CXX_LIBRARY = "libc++";
				CLANG_ENABLE_MODULES = YES;
				CLANG_ENABLE_OBJC_ARC = YES;
				CLANG_WARN_BLOCK_CAPTURE_AUTORELEASING = YES;
				CLANG_WARN_BOOL_CONVERSION = YES;
				CLANG_WARN_COMMA = YES;
				CLANG_WARN_CONSTANT_CONVERSION = YES;
				CLANG_WARN_DIRECT_OBJC_ISA_USAGE = YES_ERROR;
				CLANG_WARN_DOCUMENTATION_COMMENTS = YES;
				CLANG_WARN_EMPTY_BODY = YES;
				CLANG_WARN_ENUM_CONVERSION = YES;
				CLANG_WARN_INFINITE_RECURSION = YES;
				CLANG_WARN_INT_CONVERSION = YES;
				CLANG_WARN_NON_LITERAL_NULL_CONVERSION = YES;
				CLANG_WARN_OBJC_LITERAL_CONVERSION = YES;
				CLANG_WARN_OBJC_ROOT_CLASS = YES_ERROR;
				CLANG_WARN_RANGE_LOOP_ANALYSIS = YES;
				CLANG_WARN_STRICT_PROTOTYPES = YES;
				CLANG_WARN_SUSPICIOUS_MOVE = YES;
				CLANG_WARN_UNGUARDED_AVAILABILITY = YES_AGGRESSIVE;
				CLANG_WARN_UNREACHABLE_CODE = YES;
				CLANG_WARN__DUPLICATE_METHOD_MATCH = YES;
				CODE_SIGN_IDENTITY = "iPhone Developer";
				COPY_PHASE_STRIP = NO;
				DEBUG_INFORMATION_FORMAT = dwarf;
				ENABLE_STRICT_OBJC_MSGSEND = YES;
				ENABLE_TESTABILITY = YES;
				GCC_C_LANGUAGE_STANDARD = gnu11;
				GCC_DYNAMIC_NO_PIC = NO;
				GCC_NO_COMMON_BLOCKS = YES;
				GCC_OPTIMIZATION_LEVEL = 0;
				GCC_PREPROCESSOR_DEFINITIONS = (
					"DEBUG=1",
					"$(inherited)",
				);
				GCC_WARN_64_TO_32_BIT_CONVERSION = YES;
				GCC_WARN_ABOUT_RETURN_TYPE = YES_ERROR;
				GCC_WARN_UNDECLARED_SELECTOR = YES;
				GCC_WARN_UNINITIALIZED_AUTOS = YES_AGGRESSIVE;
				GCC_WARN_UNUSED_FUNCTION = YES;
				GCC_WARN_UNUSED_VARIABLE = YES;
				IPHONEOS_DEPLOYMENT_TARGET = 11.2;
				MTL_ENABLE_DEBUG_INFO = YES;
				ONLY_ACTIVE_ARCH = YES;
				SDKROOT = iphoneos;
			};
			name = Debug;
		};
		FC88F3B91FECFB9C00D09F8E /* Release */ = {
			isa = XCBuildConfiguration;
			buildSettings = {
				ALWAYS_SEARCH_USER_PATHS = NO;
				CLANG_ANALYZER_NONNULL = YES;
				CLANG_ANALYZER_NUMBER_OBJECT_CONVERSION = YES_AGGRESSIVE;
				CLANG_CXX_LANGUAGE_STANDARD = "gnu++14";
				CLANG_CXX_LIBRARY = "libc++";
				CLANG_ENABLE_MODULES = YES;
				CLANG_ENABLE_OBJC_ARC = YES;
				CLANG_WARN_BLOCK_CAPTURE_AUTORELEASING = YES;
				CLANG_WARN_BOOL_CONVERSION = YES;
				CLANG_WARN_COMMA = YES;
				CLANG_WARN_CONSTANT_CONVERSION = YES;
				CLANG_WARN_DIRECT_OBJC_ISA_USAGE = YES_ERROR;
				CLANG_WARN_DOCUMENTATION_COMMENTS = YES;
				CLANG_WARN_EMPTY_BODY = YES;
				CLANG_WARN_ENUM_CONVERSION = YES;
				CLANG_WARN_INFINITE_RECURSION = YES;
				CLANG_WARN_INT_CONVERSION = YES;
				CLANG_WARN_NON_LITERAL_NULL_CONVERSION = YES;
				CLANG_WARN_OBJC_LITERAL_CONVERSION = YES;
				CLANG_WARN_OBJC_ROOT_CLASS = YES_ERROR;
				CLANG_WARN_RANGE_LOOP_ANALYSIS = YES;
				CLANG_WARN_STRICT_PROTOTYPES = YES;
				CLANG_WARN_SUSPICIOUS_MOVE = YES;
				CLANG_WARN_UNGUARDED_AVAILABILITY = YES_AGGRESSIVE;
				CLANG_WARN_UNREACHABLE_CODE = YES;
				CLANG_WARN__DUPLICATE_METHOD_MATCH = YES;
				CODE_SIGN_IDENTITY = "iPhone Developer";
				COPY_PHASE_STRIP = NO;
				DEBUG_INFORMATION_FORMAT = "dwarf-with-dsym";
				ENABLE_NS_ASSERTIONS = NO;
				ENABLE_STRICT_OBJC_MSGSEND = YES;
				GCC_C_LANGUAGE_STANDARD = gnu11;
				GCC_NO_COMMON_BLOCKS = YES;
				GCC_WARN_64_TO_32_BIT_CONVERSION = YES;
				GCC_WARN_ABOUT_RETURN_TYPE = YES_ERROR;
				GCC_WARN_UNDECLARED_SELECTOR = YES;
				GCC_WARN_UNINITIALIZED_AUTOS = YES_AGGRESSIVE;
				GCC_WARN_UNUSED_FUNCTION = YES;
				GCC_WARN_UNUSED_VARIABLE = YES;
				IPHONEOS_DEPLOYMENT_TARGET = 11.2;
				MTL_ENABLE_DEBUG_INFO = NO;
				SDKROOT = iphoneos;
				VALIDATE_PRODUCT = YES;
			};
			name = Release;
		};
		FC88F3BB1FECFB9C00D09F8E /* Debug */ = {
			isa = XCBuildConfiguration;
			buildSettings = {
				ASSETCATALOG_COMPILER_APPICON_NAME = AppIcon;
				CODE_SIGN_STYLE = Automatic;
				INFOPLIST_FILE = MMKitDemo/Info.plist;
				LD_RUNPATH_SEARCH_PATHS = "$(inherited) @executable_path/Frameworks";
				PRODUCT_BUNDLE_IDENTIFIER = x.MMKitDemo;
				PRODUCT_NAME = "$(TARGET_NAME)";
				TARGETED_DEVICE_FAMILY = "1,2";
			};
			name = Debug;
		};
		FC88F3BC1FECFB9C00D09F8E /* Release */ = {
			isa = XCBuildConfiguration;
			buildSettings = {
				ASSETCATALOG_COMPILER_APPICON_NAME = AppIcon;
				CODE_SIGN_STYLE = Automatic;
				INFOPLIST_FILE = MMKitDemo/Info.plist;
				LD_RUNPATH_SEARCH_PATHS = "$(inherited) @executable_path/Frameworks";
				PRODUCT_BUNDLE_IDENTIFIER = x.MMKitDemo;
				PRODUCT_NAME = "$(TARGET_NAME)";
				TARGETED_DEVICE_FAMILY = "1,2";
			};
			name = Release;
		};
		FC88F3BE1FECFB9C00D09F8E /* Debug */ = {
			isa = XCBuildConfiguration;
			buildSettings = {
				BUNDLE_LOADER = "$(TEST_HOST)";
				CODE_SIGN_STYLE = Automatic;
				INFOPLIST_FILE = MMKitDemoTests/Info.plist;
				LD_RUNPATH_SEARCH_PATHS = "$(inherited) @executable_path/Frameworks @loader_path/Frameworks";
				PRODUCT_BUNDLE_IDENTIFIER = x.MMKitDemoTests;
				PRODUCT_NAME = "$(TARGET_NAME)";
				TARGETED_DEVICE_FAMILY = "1,2";
				TEST_HOST = "$(BUILT_PRODUCTS_DIR)/MMKitDemo.app/MMKitDemo";
			};
			name = Debug;
		};
		FC88F3BF1FECFB9C00D09F8E /* Release */ = {
			isa = XCBuildConfiguration;
			buildSettings = {
				BUNDLE_LOADER = "$(TEST_HOST)";
				CODE_SIGN_STYLE = Automatic;
				INFOPLIST_FILE = MMKitDemoTests/Info.plist;
				LD_RUNPATH_SEARCH_PATHS = "$(inherited) @executable_path/Frameworks @loader_path/Frameworks";
				PRODUCT_BUNDLE_IDENTIFIER = x.MMKitDemoTests;
				PRODUCT_NAME = "$(TARGET_NAME)";
				TARGETED_DEVICE_FAMILY = "1,2";
				TEST_HOST = "$(BUILT_PRODUCTS_DIR)/MMKitDemo.app/MMKitDemo";
			};
			name = Release;
		};
		FC88F3C11FECFB9C00D09F8E /* Debug */ = {
			isa = XCBuildConfiguration;
			buildSettings = {
				CODE_SIGN_STYLE = Automatic;
				INFOPLIST_FILE = MMKitDemoUITests/Info.plist;
				LD_RUNPATH_SEARCH_PATHS = "$(inherited) @executable_path/Frameworks @loader_path/Frameworks";
				PRODUCT_BUNDLE_IDENTIFIER = x.MMKitDemoUITests;
				PRODUCT_NAME = "$(TARGET_NAME)";
				TARGETED_DEVICE_FAMILY = "1,2";
				TEST_TARGET_NAME = MMKitDemo;
			};
			name = Debug;
		};
		FC88F3C21FECFB9C00D09F8E /* Release */ = {
			isa = XCBuildConfiguration;
			buildSettings = {
				CODE_SIGN_STYLE = Automatic;
				INFOPLIST_FILE = MMKitDemoUITests/Info.plist;
				LD_RUNPATH_SEARCH_PATHS = "$(inherited) @executable_path/Frameworks @loader_path/Frameworks";
				PRODUCT_BUNDLE_IDENTIFIER = x.MMKitDemoUITests;
				PRODUCT_NAME = "$(TARGET_NAME)";
				TARGETED_DEVICE_FAMILY = "1,2";
				TEST_TARGET_NAME = MMKitDemo;
			};
			name = Release;
		};
/* End XCBuildConfiguration section */

/* Begin XCConfigurationList section */
		FC88F3891FECFB9B00D09F8E /* Build configuration list for PBXProject "MMKitDemo" */ = {
			isa = XCConfigurationList;
			buildConfigurations = (
				FC88F3B81FECFB9C00D09F8E /* Debug */,
				FC88F3B91FECFB9C00D09F8E /* Release */,
			);
			defaultConfigurationIsVisible = 0;
			defaultConfigurationName = Release;
		};
		FC88F3BA1FECFB9C00D09F8E /* Build configuration list for PBXNativeTarget "MMKitDemo" */ = {
			isa = XCConfigurationList;
			buildConfigurations = (
				FC88F3BB1FECFB9C00D09F8E /* Debug */,
				FC88F3BC1FECFB9C00D09F8E /* Release */,
			);
			defaultConfigurationIsVisible = 0;
			defaultConfigurationName = Release;
		};
		FC88F3BD1FECFB9C00D09F8E /* Build configuration list for PBXNativeTarget "MMKitDemoTests" */ = {
			isa = XCConfigurationList;
			buildConfigurations = (
				FC88F3BE1FECFB9C00D09F8E /* Debug */,
				FC88F3BF1FECFB9C00D09F8E /* Release */,
			);
			defaultConfigurationIsVisible = 0;
			defaultConfigurationName = Release;
		};
		FC88F3C01FECFB9C00D09F8E /* Build configuration list for PBXNativeTarget "MMKitDemoUITests" */ = {
			isa = XCConfigurationList;
			buildConfigurations = (
				FC88F3C11FECFB9C00D09F8E /* Debug */,
				FC88F3C21FECFB9C00D09F8E /* Release */,
			);
			defaultConfigurationIsVisible = 0;
			defaultConfigurationName = Release;
		};
/* End XCConfigurationList section */
	};
	rootObject = FC88F3861FECFB9B00D09F8E /* Project object */;
}
